
Microsoft Visual Studio Solution File, Format Version 12.00
# Visual Studio Version 17
VisualStudioVersion = 17.7.34202.233
MinimumVisualStudioVersion = 10.0.40219.1
Project("{8BC9CEB8-8B4A-11D0-8D11-00A0C91BC942}") = "TestTypeDerivation", "Cpp11Exercise\TestTypeDerivation.vcxproj", "{E264AEE9-C101-4F93-84BC-31A912B6612D}"
EndProject
Project("{8BC9CEB8-8B4A-11D0-8D11-00A0C91BC942}") = "TestForRange", "Cpp11Exercise\TestForRange.vcxproj", "{C7237FAE-6204-4DAC-BA01-8331139EC7C6}"
EndProject
Project("{8BC9CEB8-8B4A-11D0-8D11-00A0C91BC942}") = "TestInitializerList", "Cpp11Exercise\TestInitializerList.vcxproj", "{4BC1608B-04D4-4223-844F-8F72B3197A3E}"
EndProject
Project("{8BC9CEB8-8B4A-11D0-8D11-00A0C91BC942}") = "TestRightValue", "Cpp11Exercise\TestRightValue.vcxproj", "{54D28A6A-9A11-4071-879D-31866BB6A976}"
EndProject
Project("{8BC9CEB8-8B4A-11D0-8D11-00A0C91BC942}") = "TestCppExecutions", "Cpp11Exercise\TestCppExecutions.vcxproj", "{72B7E82C-62CE-479F-AFDD-C0ADE46184ED}"
EndProject
Project("{8BC9CEB8-8B4A-11D0-8D11-00A0C91BC942}") = "TestMultiThread", "Cpp11Exercise\TestMultiThread.vcxproj", "{245377B0-BCA1-44EB-974C-D8A353843B9B}"
EndProject
Global
	GlobalSection(SolutionConfigurationPlatforms) = preSolution
		Debug|x64 = Debug|x64
		Debug|x86 = Debug|x86
		Release|x64 = Release|x64
		Release|x86 = Release|x86
	EndGlobalSection
	GlobalSection(ProjectConfigurationPlatforms) = postSolution
		{E264AEE9-C101-4F93-84BC-31A912B6612D}.Debug|x64.ActiveCfg = Debug|x64
		{E264AEE9-C101-4F93-84BC-31A912B6612D}.Debug|x64.Build.0 = Debug|x64
		{E264AEE9-C101-4F93-84BC-31A912B6612D}.Debug|x86.ActiveCfg = Debug|Win32
		{E264AEE9-C101-4F93-84BC-31A912B6612D}.Debug|x86.Build.0 = Debug|Win32
		{E264AEE9-C101-4F93-84BC-31A912B6612D}.Release|x64.ActiveCfg = Release|x64
		{E264AEE9-C101-4F93-84BC-31A912B6612D}.Release|x64.Build.0 = Release|x64
		{E264AEE9-C101-4F93-84BC-31A912B6612D}.Release|x86.ActiveCfg = Release|Win32
		{E264AEE9-C101-4F93-84BC-31A912B6612D}.Release|x86.Build.0 = Release|Win32
		{C7237FAE-6204-4DAC-BA01-8331139EC7C6}.Debug|x64.ActiveCfg = Debug|x64
		{C7237FAE-6204-4DAC-BA01-8331139EC7C6}.Debug|x64.Build.0 = Debug|x64
		{C7237FAE-6204-4DAC-BA01-8331139EC7C6}.Debug|x86.ActiveCfg = Debug|Win32
		{C7237FAE-6204-4DAC-BA01-8331139EC7C6}.Debug|x86.Build.0 = Debug|Win32
		{C7237FAE-6204-4DAC-BA01-8331139EC7C6}.Release|x64.ActiveCfg = Release|x64
		{C7237FAE-6204-4DAC-BA01-8331139EC7C6}.Release|x64.Build.0 = Release|x64
		{C7237FAE-6204-4DAC-BA01-8331139EC7C6}.Release|x86.ActiveCfg = Release|Win32
		{C7237FAE-6204-4DAC-BA01-8331139EC7C6}.Release|x86.Build.0 = Release|Win32
		{4BC1608B-04D4-4223-844F-8F72B3197A3E}.Debug|x64.ActiveCfg = Debug|x64
		{4BC1608B-04D4-4223-844F-8F72B3197A3E}.Debug|x64.Build.0 = Debug|x64
		{4BC1608B-04D4-4223-844F-8F72B3197A3E}.Debug|x86.ActiveCfg = Debug|Win32
		{4BC1608B-04D4-4223-844F-8F72B3197A3E}.Debug|x86.Build.0 = Debug|Win32
		{4BC1608B-04D4-4223-844F-8F72B3197A3E}.Release|x64.ActiveCfg = Release|x64
		{4BC1608B-04D4-4223-844F-8F72B3197A3E}.Release|x64.Build.0 = Release|x64
		{4BC1608B-04D4-4223-844F-8F72B3197A3E}.Release|x86.ActiveCfg = Release|Win32
		{4BC1608B-04D4-4223-844F-8F72B3197A3E}.Release|x86.Build.0 = Release|Win32
		{54D28A6A-9A11-4071-879D-31866BB6A976}.Debug|x64.ActiveCfg = Debug|x64
		{54D28A6A-9A11-4071-879D-31866BB6A976}.Debug|x64.Build.0 = Debug|x64
		{54D28A6A-9A11-4071-879D-31866BB6A976}.Debug|x86.ActiveCfg = Debug|Win32
		{54D28A6A-9A11-4071-879D-31866BB6A976}.Debug|x86.Build.0 = Debug|Win32
		{54D28A6A-9A11-4071-879D-31866BB6A976}.Release|x64.ActiveCfg = Release|x64
		{54D28A6A-9A11-4071-879D-31866BB6A976}.Release|x64.Build.0 = Release|x64
		{54D28A6A-9A11-4071-879D-31866BB6A976}.Release|x86.ActiveCfg = Release|Win32
		{54D28A6A-9A11-4071-879D-31866BB6A976}.Release|x86.Build.0 = Release|Win32
		{72B7E82C-62CE-479F-AFDD-C0ADE46184ED}.Debug|x64.ActiveCfg = Debug|x64
		{72B7E82C-62CE-479F-AFDD-C0ADE46184ED}.Debug|x64.Build.0 = Debug|x64
		{72B7E82C-62CE-479F-AFDD-C0ADE46184ED}.Debug|x86.ActiveCfg = Debug|Win32
		{72B7E82C-62CE-479F-AFDD-C0ADE46184ED}.Debug|x86.Build.0 = Debug|Win32
		{72B7E82C-62CE-479F-AFDD-C0ADE46184ED}.Release|x64.ActiveCfg = Release|x64
		{72B7E82C-62CE-479F-AFDD-C0ADE46184ED}.Release|x64.Build.0 = Release|x64
		{72B7E82C-62CE-479F-AFDD-C0ADE46184ED}.Release|x86.ActiveCfg = Release|Win32
		{72B7E82C-62CE-479F-AFDD-C0ADE46184ED}.Release|x86.Build.0 = Release|Win32
		{245377B0-BCA1-44EB-974C-D8A353843B9B}.Debug|x64.ActiveCfg = Debug|x64
		{245377B0-BCA1-44EB-974C-D8A353843B9B}.Debug|x64.Build.0 = Debug|x64
		{245377B0-BCA1-44EB-974C-D8A353843B9B}.Debug|x86.ActiveCfg = Debug|Win32
		{245377B0-BCA1-44EB-974C-D8A353843B9B}.Debug|x86.Build.0 = Debug|Win32
		{245377B0-BCA1-44EB-974C-D8A353843B9B}.Release|x64.ActiveCfg = Release|x64
		{245377B0-BCA1-44EB-974C-D8A353843B9B}.Release|x64.Build.0 = Release|x64
		{245377B0-BCA1-44EB-974C-D8A353843B9B}.Release|x86.ActiveCfg = Release|Win32
		{245377B0-BCA1-44EB-974C-D8A353843B9B}.Release|x86.Build.0 = Release|Win32
	EndGlobalSection
	GlobalSection(SolutionProperties) = preSolution
		HideSolutionNode = FALSE
	EndGlobalSection
	GlobalSection(ExtensibilityGlobals) = postSolution
		SolutionGuid = {3FC608C3-1E7B-4C63-8211-6EBAEF41DE33}
	EndGlobalSection
EndGlobal
